// !$*UTF8*$!
{
	archiveVersion = 1;
	classes = {
	};
	objectVersion = 52;
	objects = {

/* Begin PBXBuildFile section */
		2A7EC074240939A000B90A07 /* CKError+UserDescription.swift in Sources */ = {isa = PBXBuildFile; fileRef = 2A7EC073240939A000B90A07 /* CKError+UserDescription.swift */; };
		2A7EC07F2409819700B90A07 /* CloudSync in Frameworks */ = {isa = PBXBuildFile; productRef = 2A7EC07E2409819700B90A07 /* CloudSync */; };
		2A91452E228F68820003C488 /* UserDefaults+Settings.swift in Sources */ = {isa = PBXBuildFile; fileRef = 2A91452D228F68820003C488 /* UserDefaults+Settings.swift */; };
		2AADA6F5229356A700CDA599 /* UIAlertController+iCloudBackupError.swift in Sources */ = {isa = PBXBuildFile; fileRef = 2AADA6F4229356A700CDA599 /* UIAlertController+iCloudBackupError.swift */; };
		2AC606C3228D5C5A0093D918 /* PSOperationsTests.swift in Sources */ = {isa = PBXBuildFile; fileRef = 2AC606C0228D5C5A0093D918 /* PSOperationsTests.swift */; };
		2AF7293C22750852001D2D21 /* AppDelegate.swift in Sources */ = {isa = PBXBuildFile; fileRef = 2AF7293B22750852001D2D21 /* AppDelegate.swift */; };
		2AF7293E22750852001D2D21 /* ViewController.swift in Sources */ = {isa = PBXBuildFile; fileRef = 2AF7293D22750852001D2D21 /* ViewController.swift */; };
		2AF7294122750852001D2D21 /* Main.storyboard in Resources */ = {isa = PBXBuildFile; fileRef = 2AF7293F22750852001D2D21 /* Main.storyboard */; };
		2AF7294322750854001D2D21 /* Assets.xcassets in Resources */ = {isa = PBXBuildFile; fileRef = 2AF7294222750854001D2D21 /* Assets.xcassets */; };
		2AF7294622750854001D2D21 /* LaunchScreen.storyboard in Resources */ = {isa = PBXBuildFile; fileRef = 2AF7294422750854001D2D21 /* LaunchScreen.storyboard */; };
		2AF7294E2275086A001D2D21 /* Note.swift in Sources */ = {isa = PBXBuildFile; fileRef = 2AF7294D2275086A001D2D21 /* Note.swift */; };
		2AF7295022750898001D2D21 /* Storage.swift in Sources */ = {isa = PBXBuildFile; fileRef = 2AF7294F22750898001D2D21 /* Storage.swift */; };
		2AF7295422750F85001D2D21 /* CloudKit.framework in Frameworks */ = {isa = PBXBuildFile; fileRef = 2AF7295322750F85001D2D21 /* CloudKit.framework */; };
		2AF7295822751CF3001D2D21 /* Note+CloudKit.swift in Sources */ = {isa = PBXBuildFile; fileRef = 2AF7295622751CF3001D2D21 /* Note+CloudKit.swift */; };
		2AF7295D2275FD35001D2D21 /* CoreTelephony.framework in Frameworks */ = {isa = PBXBuildFile; fileRef = 2AF7295C2275FD35001D2D21 /* CoreTelephony.framework */; };
		2AF7295F2275FD3B001D2D21 /* SystemConfiguration.framework in Frameworks */ = {isa = PBXBuildFile; fileRef = 2AF7295E2275FD3B001D2D21 /* SystemConfiguration.framework */; };
/* End PBXBuildFile section */

/* Begin PBXContainerItemProxy section */
		2AC606BA228D5C240093D918 /* PBXContainerItemProxy */ = {
			isa = PBXContainerItemProxy;
			containerPortal = 2AF7293022750852001D2D21 /* Project object */;
			proxyType = 1;
			remoteGlobalIDString = 2AF7293722750852001D2D21;
			remoteInfo = CloudNotes;
		};
/* End PBXContainerItemProxy section */

/* Begin PBXCopyFilesBuildPhase section */
		2A8E79CE2406C78400AA7C3D /* Embed Frameworks */ = {
			isa = PBXCopyFilesBuildPhase;
			buildActionMask = 2147483647;
			dstPath = "";
			dstSubfolderSpec = 10;
			files = (
			);
			name = "Embed Frameworks";
			runOnlyForDeploymentPostprocessing = 0;
		};
/* End PBXCopyFilesBuildPhase section */

/* Begin PBXFileReference section */
		2A7EC073240939A000B90A07 /* CKError+UserDescription.swift */ = {isa = PBXFileReference; lastKnownFileType = sourcecode.swift; path = "CKError+UserDescription.swift"; sourceTree = "<group>"; };
		2A7EC07D2409818700B90A07 /* CloudSync */ = {isa = PBXFileReference; lastKnownFileType = folder; path = CloudSync; sourceTree = "<group>"; };
		2A91452D228F68820003C488 /* UserDefaults+Settings.swift */ = {isa = PBXFileReference; lastKnownFileType = sourcecode.swift; path = "UserDefaults+Settings.swift"; sourceTree = "<group>"; };
		2AADA6F4229356A700CDA599 /* UIAlertController+iCloudBackupError.swift */ = {isa = PBXFileReference; lastKnownFileType = sourcecode.swift; path = "UIAlertController+iCloudBackupError.swift"; sourceTree = "<group>"; };
		2AC606B5228D5C240093D918 /* CloudKitNotesTests.xctest */ = {isa = PBXFileReference; explicitFileType = wrapper.cfbundle; includeInIndex = 0; path = CloudKitNotesTests.xctest; sourceTree = BUILT_PRODUCTS_DIR; };
		2AC606B9228D5C240093D918 /* Info.plist */ = {isa = PBXFileReference; lastKnownFileType = text.plist.xml; path = Info.plist; sourceTree = "<group>"; };
		2AC606C0228D5C5A0093D918 /* PSOperationsTests.swift */ = {isa = PBXFileReference; fileEncoding = 4; lastKnownFileType = sourcecode.swift; path = PSOperationsTests.swift; sourceTree = "<group>"; };
		2AF7293822750852001D2D21 /* CloudKitNotes.app */ = {isa = PBXFileReference; explicitFileType = wrapper.application; includeInIndex = 0; path = CloudKitNotes.app; sourceTree = BUILT_PRODUCTS_DIR; };
		2AF7293B22750852001D2D21 /* AppDelegate.swift */ = {isa = PBXFileReference; lastKnownFileType = sourcecode.swift; path = AppDelegate.swift; sourceTree = "<group>"; };
		2AF7293D22750852001D2D21 /* ViewController.swift */ = {isa = PBXFileReference; lastKnownFileType = sourcecode.swift; path = ViewController.swift; sourceTree = "<group>"; };
		2AF7294022750852001D2D21 /* Base */ = {isa = PBXFileReference; lastKnownFileType = file.storyboard; name = Base; path = Base.lproj/Main.storyboard; sourceTree = "<group>"; };
		2AF7294222750854001D2D21 /* Assets.xcassets */ = {isa = PBXFileReference; lastKnownFileType = folder.assetcatalog; path = Assets.xcassets; sourceTree = "<group>"; };
		2AF7294522750854001D2D21 /* Base */ = {isa = PBXFileReference; lastKnownFileType = file.storyboard; name = Base; path = Base.lproj/LaunchScreen.storyboard; sourceTree = "<group>"; };
		2AF7294722750854001D2D21 /* Info.plist */ = {isa = PBXFileReference; lastKnownFileType = text.plist.xml; path = Info.plist; sourceTree = "<group>"; };
		2AF7294D2275086A001D2D21 /* Note.swift */ = {isa = PBXFileReference; lastKnownFileType = sourcecode.swift; path = Note.swift; sourceTree = "<group>"; };
		2AF7294F22750898001D2D21 /* Storage.swift */ = {isa = PBXFileReference; lastKnownFileType = sourcecode.swift; path = Storage.swift; sourceTree = "<group>"; };
		2AF7295122750F7D001D2D21 /* CloudKitNotes.entitlements */ = {isa = PBXFileReference; lastKnownFileType = text.plist.entitlements; path = CloudKitNotes.entitlements; sourceTree = "<group>"; };
		2AF7295322750F85001D2D21 /* CloudKit.framework */ = {isa = PBXFileReference; lastKnownFileType = wrapper.framework; name = CloudKit.framework; path = System/Library/Frameworks/CloudKit.framework; sourceTree = SDKROOT; };
		2AF7295622751CF3001D2D21 /* Note+CloudKit.swift */ = {isa = PBXFileReference; fileEncoding = 4; lastKnownFileType = sourcecode.swift; path = "Note+CloudKit.swift"; sourceTree = "<group>"; };
		2AF7295C2275FD35001D2D21 /* CoreTelephony.framework */ = {isa = PBXFileReference; lastKnownFileType = wrapper.framework; name = CoreTelephony.framework; path = System/Library/Frameworks/CoreTelephony.framework; sourceTree = SDKROOT; };
		2AF7295E2275FD3B001D2D21 /* SystemConfiguration.framework */ = {isa = PBXFileReference; lastKnownFileType = wrapper.framework; name = SystemConfiguration.framework; path = System/Library/Frameworks/SystemConfiguration.framework; sourceTree = SDKROOT; };
/* End PBXFileReference section */

/* Begin PBXFrameworksBuildPhase section */
		2AC606B2228D5C240093D918 /* Frameworks */ = {
			isa = PBXFrameworksBuildPhase;
			buildActionMask = 2147483647;
			files = (
			);
			runOnlyForDeploymentPostprocessing = 0;
		};
		2AF7293522750852001D2D21 /* Frameworks */ = {
			isa = PBXFrameworksBuildPhase;
			buildActionMask = 2147483647;
			files = (
				2AF7295F2275FD3B001D2D21 /* SystemConfiguration.framework in Frameworks */,
				2A7EC07F2409819700B90A07 /* CloudSync in Frameworks */,
				2AF7295D2275FD35001D2D21 /* CoreTelephony.framework in Frameworks */,
				2AF7295422750F85001D2D21 /* CloudKit.framework in Frameworks */,
			);
			runOnlyForDeploymentPostprocessing = 0;
		};
/* End PBXFrameworksBuildPhase section */

/* Begin PBXGroup section */
		2AADA6FC2294924400CDA599 /* Supporting Files */ = {
			isa = PBXGroup;
			children = (
				2AF7294222750854001D2D21 /* Assets.xcassets */,
				2AF7295122750F7D001D2D21 /* CloudKitNotes.entitlements */,
				2AF7294722750854001D2D21 /* Info.plist */,
				2AF7294422750854001D2D21 /* LaunchScreen.storyboard */,
				2AF7293F22750852001D2D21 /* Main.storyboard */,
			);
			name = "Supporting Files";
			sourceTree = "<group>";
		};
		2AADA6FD2294926500CDA599 /* Model */ = {
			isa = PBXGroup;
			children = (
				2AF7294D2275086A001D2D21 /* Note.swift */,
				2AF7295622751CF3001D2D21 /* Note+CloudKit.swift */,
				2AF7294F22750898001D2D21 /* Storage.swift */,
				2A7EC073240939A000B90A07 /* CKError+UserDescription.swift */,
			);
			path = Model;
			sourceTree = "<group>";
		};
		2AC606B6228D5C240093D918 /* CloudKitNotesTests */ = {
			isa = PBXGroup;
			children = (
				2AC606C0228D5C5A0093D918 /* PSOperationsTests.swift */,
				2AC606B9228D5C240093D918 /* Info.plist */,
			);
			path = CloudKitNotesTests;
			sourceTree = "<group>";
		};
		2AF7292F22750852001D2D21 = {
			isa = PBXGroup;
			children = (
				2A7EC07D2409818700B90A07 /* CloudSync */,
				2AF7293A22750852001D2D21 /* CloudKitNotes */,
				2AC606B6228D5C240093D918 /* CloudKitNotesTests */,
				2AF7293922750852001D2D21 /* Products */,
				2AF7295222750F85001D2D21 /* Frameworks */,
			);
			sourceTree = "<group>";
		};
		2AF7293922750852001D2D21 /* Products */ = {
			isa = PBXGroup;
			children = (
				2AF7293822750852001D2D21 /* CloudKitNotes.app */,
				2AC606B5228D5C240093D918 /* CloudKitNotesTests.xctest */,
			);
			name = Products;
			sourceTree = "<group>";
		};
		2AF7293A22750852001D2D21 /* CloudKitNotes */ = {
			isa = PBXGroup;
			children = (
				2AADA6FC2294924400CDA599 /* Supporting Files */,
				2AADA6FD2294926500CDA599 /* Model */,
				2AF7293B22750852001D2D21 /* AppDelegate.swift */,
				2AF7293D22750852001D2D21 /* ViewController.swift */,
				2A91452D228F68820003C488 /* UserDefaults+Settings.swift */,
				2AADA6F4229356A700CDA599 /* UIAlertController+iCloudBackupError.swift */,
			);
			path = CloudKitNotes;
			sourceTree = "<group>";
		};
		2AF7295222750F85001D2D21 /* Frameworks */ = {
			isa = PBXGroup;
			children = (
				2AF7295E2275FD3B001D2D21 /* SystemConfiguration.framework */,
				2AF7295C2275FD35001D2D21 /* CoreTelephony.framework */,
				2AF7295322750F85001D2D21 /* CloudKit.framework */,
			);
			name = Frameworks;
			sourceTree = "<group>";
		};
/* End PBXGroup section */

/* Begin PBXNativeTarget section */
		2AC606B4228D5C240093D918 /* CloudKitNotesTests */ = {
			isa = PBXNativeTarget;
			buildConfigurationList = 2AC606BE228D5C240093D918 /* Build configuration list for PBXNativeTarget "CloudKitNotesTests" */;
			buildPhases = (
				2AC606B1228D5C240093D918 /* Sources */,
				2AC606B2228D5C240093D918 /* Frameworks */,
				2AC606B3228D5C240093D918 /* Resources */,
			);
			buildRules = (
			);
			dependencies = (
				2AC606BB228D5C240093D918 /* PBXTargetDependency */,
			);
			name = CloudKitNotesTests;
			productName = CloudNotesTests;
			productReference = 2AC606B5228D5C240093D918 /* CloudKitNotesTests.xctest */;
			productType = "com.apple.product-type.bundle.unit-test";
		};
		2AF7293722750852001D2D21 /* CloudKitNotes */ = {
			isa = PBXNativeTarget;
			buildConfigurationList = 2AF7294A22750854001D2D21 /* Build configuration list for PBXNativeTarget "CloudKitNotes" */;
			buildPhases = (
				2A7C2116228DFE2200FDBBA6 /* Swift Format */,
				2A7C2117228DFE4300FDBBA6 /* Swift Lint */,
				2AF7293422750852001D2D21 /* Sources */,
				2AF7293522750852001D2D21 /* Frameworks */,
				2AF7293622750852001D2D21 /* Resources */,
				2A8E79CE2406C78400AA7C3D /* Embed Frameworks */,
			);
			buildRules = (
			);
			dependencies = (
			);
			name = CloudKitNotes;
			packageProductDependencies = (
				2A7EC07E2409819700B90A07 /* CloudSync */,
			);
			productName = CloudNotes;
			productReference = 2AF7293822750852001D2D21 /* CloudKitNotes.app */;
			productType = "com.apple.product-type.application";
		};
/* End PBXNativeTarget section */

/* Begin PBXProject section */
		2AF7293022750852001D2D21 /* Project object */ = {
			isa = PBXProject;
			attributes = {
				LastSwiftUpdateCheck = 1020;
				LastUpgradeCheck = 1020;
				ORGANIZATIONNAME = AP;
				TargetAttributes = {
					2AC606B4228D5C240093D918 = {
						CreatedOnToolsVersion = 10.2.1;
						TestTargetID = 2AF7293722750852001D2D21;
					};
					2AF7293722750852001D2D21 = {
						CreatedOnToolsVersion = 10.2.1;
						SystemCapabilities = {
							com.apple.BackgroundModes = {
								enabled = 1;
							};
							com.apple.Push = {
								enabled = 1;
							};
							com.apple.iCloud = {
								enabled = 1;
							};
						};
					};
				};
			};
			buildConfigurationList = 2AF7293322750852001D2D21 /* Build configuration list for PBXProject "CloudKitNotes" */;
			compatibilityVersion = "Xcode 9.3";
			developmentRegion = en;
			hasScannedForEncodings = 0;
			knownRegions = (
				en,
				Base,
			);
			mainGroup = 2AF7292F22750852001D2D21;
			packageReferences = (
			);
			productRefGroup = 2AF7293922750852001D2D21 /* Products */;
			projectDirPath = "";
			projectRoot = "";
			targets = (
				2AF7293722750852001D2D21 /* CloudKitNotes */,
				2AC606B4228D5C240093D918 /* CloudKitNotesTests */,
			);
		};
/* End PBXProject section */

/* Begin PBXResourcesBuildPhase section */
		2AC606B3228D5C240093D918 /* Resources */ = {
			isa = PBXResourcesBuildPhase;
			buildActionMask = 2147483647;
			files = (
			);
			runOnlyForDeploymentPostprocessing = 0;
		};
		2AF7293622750852001D2D21 /* Resources */ = {
			isa = PBXResourcesBuildPhase;
			buildActionMask = 2147483647;
			files = (
				2AF7294622750854001D2D21 /* LaunchScreen.storyboard in Resources */,
				2AF7294322750854001D2D21 /* Assets.xcassets in Resources */,
				2AF7294122750852001D2D21 /* Main.storyboard in Resources */,
			);
			runOnlyForDeploymentPostprocessing = 0;
		};
/* End PBXResourcesBuildPhase section */

/* Begin PBXShellScriptBuildPhase section */
		2A7C2116228DFE2200FDBBA6 /* Swift Format */ = {
			isa = PBXShellScriptBuildPhase;
			buildActionMask = 2147483647;
			files = (
			);
			inputFileListPaths = (
			);
			inputPaths = (
			);
			name = "Swift Format";
			outputFileListPaths = (
			);
			outputPaths = (
			);
			runOnlyForDeploymentPostprocessing = 0;
			shellPath = /bin/sh;
			shellScript = "if which swiftformat >/dev/null; then\n    swiftformat CloudSync\n    swiftformat CloudKitNotes\n    swiftformat CloudKitNotesTests\nelse\n    echo \"warning: SwiftFormat not installed, download from https://github.com/nicklockwood/SwiftFormat\"\nfi\n";
		};
		2A7C2117228DFE4300FDBBA6 /* Swift Lint */ = {
			isa = PBXShellScriptBuildPhase;
			buildActionMask = 2147483647;
			files = (
			);
			inputFileListPaths = (
			);
			inputPaths = (
			);
			name = "Swift Lint";
			outputFileListPaths = (
			);
			outputPaths = (
			);
			runOnlyForDeploymentPostprocessing = 0;
			shellPath = /bin/sh;
			shellScript = "if which swiftlint >/dev/null; then\n    swiftlint\nelse\n    echo \"SwiftLint does not exist, download from https://github.com/realm/SwiftLint\"\nfi\n";
		};
/* End PBXShellScriptBuildPhase section */

/* Begin PBXSourcesBuildPhase section */
		2AC606B1228D5C240093D918 /* Sources */ = {
			isa = PBXSourcesBuildPhase;
			buildActionMask = 2147483647;
			files = (
				2AC606C3228D5C5A0093D918 /* PSOperationsTests.swift in Sources */,
			);
			runOnlyForDeploymentPostprocessing = 0;
		};
		2AF7293422750852001D2D21 /* Sources */ = {
			isa = PBXSourcesBuildPhase;
			buildActionMask = 2147483647;
			files = (
				2A7EC074240939A000B90A07 /* CKError+UserDescription.swift in Sources */,
				2AADA6F5229356A700CDA599 /* UIAlertController+iCloudBackupError.swift in Sources */,
				2AF7293E22750852001D2D21 /* ViewController.swift in Sources */,
				2AF7295022750898001D2D21 /* Storage.swift in Sources */,
				2AF7293C22750852001D2D21 /* AppDelegate.swift in Sources */,
				2AF7294E2275086A001D2D21 /* Note.swift in Sources */,
				2AF7295822751CF3001D2D21 /* Note+CloudKit.swift in Sources */,
				2A91452E228F68820003C488 /* UserDefaults+Settings.swift in Sources */,
			);
			runOnlyForDeploymentPostprocessing = 0;
		};
/* End PBXSourcesBuildPhase section */

/* Begin PBXTargetDependency section */
		2AC606BB228D5C240093D918 /* PBXTargetDependency */ = {
			isa = PBXTargetDependency;
			target = 2AF7293722750852001D2D21 /* CloudKitNotes */;
			targetProxy = 2AC606BA228D5C240093D918 /* PBXContainerItemProxy */;
		};
/* End PBXTargetDependency section */

/* Begin PBXVariantGroup section */
		2AF7293F22750852001D2D21 /* Main.storyboard */ = {
			isa = PBXVariantGroup;
			children = (
				2AF7294022750852001D2D21 /* Base */,
			);
			name = Main.storyboard;
			sourceTree = "<group>";
		};
		2AF7294422750854001D2D21 /* LaunchScreen.storyboard */ = {
			isa = PBXVariantGroup;
			children = (
				2AF7294522750854001D2D21 /* Base */,
			);
			name = LaunchScreen.storyboard;
			sourceTree = "<group>";
		};
/* End PBXVariantGroup section */

/* Begin XCBuildConfiguration section */
		2AC606BC228D5C240093D918 /* Debug */ = {
			isa = XCBuildConfiguration;
			buildSettings = {
				BUNDLE_LOADER = "$(TEST_HOST)";
				CODE_SIGN_STYLE = Automatic;
				DEVELOPMENT_TEAM = 6PMBQR35S8;
				INFOPLIST_FILE = CloudKitNotesTests/Info.plist;
				IPHONEOS_DEPLOYMENT_TARGET = 12.2;
				LD_RUNPATH_SEARCH_PATHS = (
					"$(inherited)",
					"@executable_path/Frameworks",
					"@loader_path/Frameworks",
				);
				PRODUCT_BUNDLE_IDENTIFIER = ap.cloudnotes.CloudNotesTests;
				PRODUCT_NAME = "$(TARGET_NAME)";
				SWIFT_VERSION = 5.0;
				TARGETED_DEVICE_FAMILY = "1,2";
				TEST_HOST = "$(BUILT_PRODUCTS_DIR)/CloudKitNotes.app/CloudKitNotes";
			};
			name = Debug;
		};
		2AC606BD228D5C240093D918 /* Release */ = {
			isa = XCBuildConfiguration;
			buildSettings = {
				BUNDLE_LOADER = "$(TEST_HOST)";
				CODE_SIGN_STYLE = Automatic;
				DEVELOPMENT_TEAM = 6PMBQR35S8;
				INFOPLIST_FILE = CloudKitNotesTests/Info.plist;
				IPHONEOS_DEPLOYMENT_TARGET = 12.2;
				LD_RUNPATH_SEARCH_PATHS = (
					"$(inherited)",
					"@executable_path/Frameworks",
					"@loader_path/Frameworks",
				);
				PRODUCT_BUNDLE_IDENTIFIER = ap.cloudnotes.CloudNotesTests;
				PRODUCT_NAME = "$(TARGET_NAME)";
				SWIFT_VERSION = 5.0;
				TARGETED_DEVICE_FAMILY = "1,2";
				TEST_HOST = "$(BUILT_PRODUCTS_DIR)/CloudKitNotes.app/CloudKitNotes";
			};
			name = Release;
		};
		2AF7294822750854001D2D21 /* Debug */ = {
			isa = XCBuildConfiguration;
			buildSettings = {
				ALWAYS_SEARCH_USER_PATHS = NO;
				CLANG_ANALYZER_NONNULL = YES;
				CLANG_ANALYZER_NUMBER_OBJECT_CONVERSION = YES_AGGRESSIVE;
				CLANG_CXX_LANGUAGE_STANDARD = "gnu++14";
				CLANG_CXX_LIBRARY = "libc++";
				CLANG_ENABLE_MODULES = YES;
				CLANG_ENABLE_OBJC_ARC = YES;
				CLANG_ENABLE_OBJC_WEAK = YES;
				CLANG_WARN_BLOCK_CAPTURE_AUTORELEASING = YES;
				CLANG_WARN_BOOL_CONVERSION = YES;
				CLANG_WARN_COMMA = YES;
				CLANG_WARN_CONSTANT_CONVERSION = YES;
				CLANG_WARN_DEPRECATED_OBJC_IMPLEMENTATIONS = YES;
				CLANG_WARN_DIRECT_OBJC_ISA_USAGE = YES_ERROR;
				CLANG_WARN_DOCUMENTATION_COMMENTS = YES;
				CLANG_WARN_EMPTY_BODY = YES;
				CLANG_WARN_ENUM_CONVERSION = YES;
				CLANG_WARN_INFINITE_RECURSION = YES;
				CLANG_WARN_INT_CONVERSION = YES;
				CLANG_WARN_NON_LITERAL_NULL_CONVERSION = YES;
				CLANG_WARN_OBJC_IMPLICIT_RETAIN_SELF = YES;
				CLANG_WARN_OBJC_LITERAL_CONVERSION = YES;
				CLANG_WARN_OBJC_ROOT_CLASS = YES_ERROR;
				CLANG_WARN_RANGE_LOOP_ANALYSIS = YES;
				CLANG_WARN_STRICT_PROTOTYPES = YES;
				CLANG_WARN_SUSPICIOUS_MOVE = YES;
				CLANG_WARN_UNGUARDED_AVAILABILITY = YES_AGGRESSIVE;
				CLANG_WARN_UNREACHABLE_CODE = YES;
				CLANG_WARN__DUPLICATE_METHOD_MATCH = YES;
				CODE_SIGN_IDENTITY = "iPhone Developer";
				COPY_PHASE_STRIP = NO;
				DEBUG_INFORMATION_FORMAT = dwarf;
				ENABLE_STRICT_OBJC_MSGSEND = YES;
				ENABLE_TESTABILITY = YES;
				GCC_C_LANGUAGE_STANDARD = gnu11;
				GCC_DYNAMIC_NO_PIC = NO;
				GCC_NO_COMMON_BLOCKS = YES;
				GCC_OPTIMIZATION_LEVEL = 0;
				GCC_PREPROCESSOR_DEFINITIONS = (
					"DEBUG=1",
					"$(inherited)",
				);
				GCC_WARN_64_TO_32_BIT_CONVERSION = YES;
				GCC_WARN_ABOUT_RETURN_TYPE = YES_ERROR;
				GCC_WARN_UNDECLARED_SELECTOR = YES;
				GCC_WARN_UNINITIALIZED_AUTOS = YES_AGGRESSIVE;
				GCC_WARN_UNUSED_FUNCTION = YES;
				GCC_WARN_UNUSED_VARIABLE = YES;
				IPHONEOS_DEPLOYMENT_TARGET = 11.0;
				MTL_ENABLE_DEBUG_INFO = INCLUDE_SOURCE;
				MTL_FAST_MATH = YES;
				ONLY_ACTIVE_ARCH = YES;
				SDKROOT = iphoneos;
				SWIFT_ACTIVE_COMPILATION_CONDITIONS = DEBUG;
				SWIFT_OPTIMIZATION_LEVEL = "-Onone";
			};
			name = Debug;
		};
		2AF7294922750854001D2D21 /* Release */ = {
			isa = XCBuildConfiguration;
			buildSettings = {
				ALWAYS_SEARCH_USER_PATHS = NO;
				CLANG_ANALYZER_NONNULL = YES;
				CLANG_ANALYZER_NUMBER_OBJECT_CONVERSION = YES_AGGRESSIVE;
				CLANG_CXX_LANGUAGE_STANDARD = "gnu++14";
				CLANG_CXX_LIBRARY = "libc++";
				CLANG_ENABLE_MODULES = YES;
				CLANG_ENABLE_OBJC_ARC = YES;
				CLANG_ENABLE_OBJC_WEAK = YES;
				CLANG_WARN_BLOCK_CAPTURE_AUTORELEASING = YES;
				CLANG_WARN_BOOL_CONVERSION = YES;
				CLANG_WARN_COMMA = YES;
				CLANG_WARN_CONSTANT_CONVERSION = YES;
				CLANG_WARN_DEPRECATED_OBJC_IMPLEMENTATIONS = YES;
				CLANG_WARN_DIRECT_OBJC_ISA_USAGE = YES_ERROR;
				CLANG_WARN_DOCUMENTATION_COMMENTS = YES;
				CLANG_WARN_EMPTY_BODY = YES;
				CLANG_WARN_ENUM_CONVERSION = YES;
				CLANG_WARN_INFINITE_RECURSION = YES;
				CLANG_WARN_INT_CONVERSION = YES;
				CLANG_WARN_NON_LITERAL_NULL_CONVERSION = YES;
				CLANG_WARN_OBJC_IMPLICIT_RETAIN_SELF = YES;
				CLANG_WARN_OBJC_LITERAL_CONVERSION = YES;
				CLANG_WARN_OBJC_ROOT_CLASS = YES_ERROR;
				CLANG_WARN_RANGE_LOOP_ANALYSIS = YES;
				CLANG_WARN_STRICT_PROTOTYPES = YES;
				CLANG_WARN_SUSPICIOUS_MOVE = YES;
				CLANG_WARN_UNGUARDED_AVAILABILITY = YES_AGGRESSIVE;
				CLANG_WARN_UNREACHABLE_CODE = YES;
				CLANG_WARN__DUPLICATE_METHOD_MATCH = YES;
				CODE_SIGN_IDENTITY = "iPhone Developer";
				COPY_PHASE_STRIP = NO;
				DEBUG_INFORMATION_FORMAT = "dwarf-with-dsym";
				ENABLE_NS_ASSERTIONS = NO;
				ENABLE_STRICT_OBJC_MSGSEND = YES;
				GCC_C_LANGUAGE_STANDARD = gnu11;
				GCC_NO_COMMON_BLOCKS = YES;
				GCC_WARN_64_TO_32_BIT_CONVERSION = YES;
				GCC_WARN_ABOUT_RETURN_TYPE = YES_ERROR;
				GCC_WARN_UNDECLARED_SELECTOR = YES;
				GCC_WARN_UNINITIALIZED_AUTOS = YES_AGGRESSIVE;
				GCC_WARN_UNUSED_FUNCTION = YES;
				GCC_WARN_UNUSED_VARIABLE = YES;
				IPHONEOS_DEPLOYMENT_TARGET = 11.0;
				MTL_ENABLE_DEBUG_INFO = NO;
				MTL_FAST_MATH = YES;
				SDKROOT = iphoneos;
				SWIFT_COMPILATION_MODE = wholemodule;
				SWIFT_OPTIMIZATION_LEVEL = "-O";
				VALIDATE_PRODUCT = YES;
			};
			name = Release;
		};
		2AF7294B22750854001D2D21 /* Debug */ = {
			isa = XCBuildConfiguration;
			buildSettings = {
				ASSETCATALOG_COMPILER_APPICON_NAME = AppIcon;
				CODE_SIGN_ENTITLEMENTS = CloudKitNotes/CloudKitNotes.entitlements;
				CODE_SIGN_STYLE = Automatic;
				DEVELOPMENT_TEAM = 6PMBQR35S8;
				INFOPLIST_FILE = CloudKitNotes/Info.plist;
				LD_RUNPATH_SEARCH_PATHS = (
					"$(inherited)",
					"@executable_path/Frameworks",
				);
				PRODUCT_BUNDLE_IDENTIFIER = com.podkovyrin.CloudNotes;
				PRODUCT_NAME = "$(TARGET_NAME)";
				SWIFT_VERSION = 5.0;
				TARGETED_DEVICE_FAMILY = "1,2";
			};
			name = Debug;
		};
		2AF7294C22750854001D2D21 /* Release */ = {
			isa = XCBuildConfiguration;
			buildSettings = {
				ASSETCATALOG_COMPILER_APPICON_NAME = AppIcon;
				CODE_SIGN_ENTITLEMENTS = CloudKitNotes/CloudKitNotes.entitlements;
				CODE_SIGN_STYLE = Automatic;
				DEVELOPMENT_TEAM = 6PMBQR35S8;
				INFOPLIST_FILE = CloudKitNotes/Info.plist;
				LD_RUNPATH_SEARCH_PATHS = (
					"$(inherited)",
					"@executable_path/Frameworks",
				);
				PRODUCT_BUNDLE_IDENTIFIER = com.podkovyrin.CloudNotes;
				PRODUCT_NAME = "$(TARGET_NAME)";
				SWIFT_VERSION = 5.0;
				TARGETED_DEVICE_FAMILY = "1,2";
			};
			name = Release;
		};
/* End XCBuildConfiguration section */

/* Begin XCConfigurationList section */
		2AC606BE228D5C240093D918 /* Build configuration list for PBXNativeTarget "CloudKitNotesTests" */ = {
			isa = XCConfigurationList;
			buildConfigurations = (
				2AC606BC228D5C240093D918 /* Debug */,
				2AC606BD228D5C240093D918 /* Release */,
			);
			defaultConfigurationIsVisible = 0;
			defaultConfigurationName = Release;
		};
		2AF7293322750852001D2D21 /* Build configuration list for PBXProject "CloudKitNotes" */ = {
			isa = XCConfigurationList;
			buildConfigurations = (
				2AF7294822750854001D2D21 /* Debug */,
				2AF7294922750854001D2D21 /* Release */,
			);
			defaultConfigurationIsVisible = 0;
			defaultConfigurationName = Release;
		};
		2AF7294A22750854001D2D21 /* Build configuration list for PBXNativeTarget "CloudKitNotes" */ = {
			isa = XCConfigurationList;
			buildConfigurations = (
				2AF7294B22750854001D2D21 /* Debug */,
				2AF7294C22750854001D2D21 /* Release */,
			);
			defaultConfigurationIsVisible = 0;
			defaultConfigurationName = Release;
		};
/* End XCConfigurationList section */

/* Begin XCSwiftPackageProductDependency section */
		2A7EC07E2409819700B90A07 /* CloudSync */ = {
			isa = XCSwiftPackageProductDependency;
			productName = CloudSync;
		};
/* End XCSwiftPackageProductDependency section */
	};
	rootObject = 2AF7293022750852001D2D21 /* Project object */;
}
